
Microsoft Visual Studio Solution File, Format Version 12.00
# Visual Studio Version 16
VisualStudioVersion = 16.0.30611.23
MinimumVisualStudioVersion = 10.0.40219.1
Project("{FAE04EC0-301F-11D3-BF4B-00C04F79EFBC}") = "Basgrupp5_Fall2", "Basgrupp5_Fall2.csproj", "{004E719C-EE9D-44BB-B3E9-98A8ACD891CA}"
EndProject
Global
	GlobalSection(SolutionConfigurationPlatforms) = preSolution
		Debug|Any CPU = Debug|Any CPU
		Release|Any CPU = Release|Any CPU
	EndGlobalSection
	GlobalSection(ProjectConfigurationPlatforms) = postSolution
		{004E719C-EE9D-44BB-B3E9-98A8ACD891CA}.Debug|Any CPU.ActiveCfg = Debug|Any CPU
		{004E719C-EE9D-44BB-B3E9-98A8ACD891CA}.Debug|Any CPU.Build.0 = Debug|Any CPU
		{004E719C-EE9D-44BB-B3E9-98A8ACD891CA}.Release|Any CPU.ActiveCfg = Release|Any CPU
		{004E719C-EE9D-44BB-B3E9-98A8ACD891CA}.Release|Any CPU.Build.0 = Release|Any CPU
	EndGlobalSection
	GlobalSection(SolutionProperties) = preSolution
		HideSolutionNode = FALSE
	EndGlobalSection
	GlobalSection(ExtensibilityGlobals) = postSolution
		SolutionGuid = {3711C28C-62B1-4F57-9CCD-CD3808676CA5}
	EndGlobalSection
EndGlobal
